{
    "version": 3,
    "terraform_version": "0.11.10",
    "serial": 77,
    "lineage": "865a710b-13c4-fe95-3638-4d3d42aaf056",
    "modules": [
        {
            "path": [
                "root"
            ],
            "outputs": {},
            "resources": {
                "aws_instance.bastion": {
                    "type": "aws_instance",
                    "depends_on": [
                        "data.aws_availability_zones.available"
                    ],
                    "primary": {
                        "id": "i-01fd4304393a4e533",
                        "attributes": {
                            "ami": "ami-011b3ccf1bd6db744",
                            "arn": "arn:aws:ec2:us-east-1:731685434595:instance/i-01fd4304393a4e533",
                            "associate_public_ip_address": "true",
                            "availability_zone": "us-east-1a",
                            "cpu_core_count": "1",
                            "cpu_threads_per_core": "1",
                            "credit_specification.#": "1",
                            "credit_specification.0.cpu_credits": "standard",
                            "disable_api_termination": "false",
                            "ebs_block_device.#": "0",
                            "ebs_optimized": "false",
                            "ephemeral_block_device.#": "0",
                            "get_password_data": "false",
                            "iam_instance_profile": "",
                            "id": "i-01fd4304393a4e533",
                            "instance_state": "running",
                            "instance_type": "t2.micro",
                            "ipv6_addresses.#": "0",
                            "key_name": "terraform_key",
                            "monitoring": "false",
                            "network_interface.#": "0",
                            "network_interface_id": "eni-00787f4b59c1f6fd3",
                            "password_data": "",
                            "placement_group": "",
                            "primary_network_interface_id": "eni-00787f4b59c1f6fd3",
                            "private_dns": "ip-172-31-32-249.ec2.internal",
                            "private_ip": "172.31.32.249",
                            "public_dns": "ec2-3-81-145-68.compute-1.amazonaws.com",
                            "public_ip": "3.81.145.68",
                            "root_block_device.#": "1",
                            "root_block_device.0.delete_on_termination": "true",
                            "root_block_device.0.iops": "0",
                            "root_block_device.0.volume_id": "vol-086b44254ce29de73",
                            "root_block_device.0.volume_size": "10",
                            "root_block_device.0.volume_type": "standard",
                            "security_groups.#": "1",
                            "security_groups.1454479838": "allow_ssh",
                            "source_dest_check": "true",
                            "subnet_id": "subnet-329a0f6e",
                            "tags.%": "1",
                            "tags.Name": "bastion-01",
                            "tenancy": "default",
                            "volume_tags.%": "0",
                            "vpc_security_group_ids.#": "1",
                            "vpc_security_group_ids.4276708507": "sg-01ce9b1afc30aac80"
                        },
                        "meta": {
                            "e2bfb730-ecaa-11e6-8f88-34363bc7c4c0": {
                                "create": 600000000000,
                                "delete": 1200000000000,
                                "update": 600000000000
                            },
                            "schema_version": "1"
                        },
                        "tainted": false
                    },
                    "deposed": [],
                    "provider": "provider.aws"
                },
                "aws_instance.twmprod": {
                    "type": "aws_instance",
                    "depends_on": [
                        "aws_security_group.allow_ssh_vpc_prd_a",
                        "aws_subnet.prdnet1_a",
                        "data.aws_availability_zones.available"
                    ],
                    "primary": {
                        "id": "i-00bc3f29825292c18",
                        "attributes": {
                            "ami": "ami-011b3ccf1bd6db744",
                            "arn": "arn:aws:ec2:us-east-1:731685434595:instance/i-00bc3f29825292c18",
                            "associate_public_ip_address": "false",
                            "availability_zone": "us-east-1a",
                            "cpu_core_count": "1",
                            "cpu_threads_per_core": "1",
                            "credit_specification.#": "1",
                            "credit_specification.0.cpu_credits": "standard",
                            "disable_api_termination": "false",
                            "ebs_block_device.#": "1",
                            "ebs_block_device.3910332938.delete_on_termination": "true",
                            "ebs_block_device.3910332938.device_name": "/dev/xvdc",
                            "ebs_block_device.3910332938.encrypted": "false",
                            "ebs_block_device.3910332938.iops": "0",
                            "ebs_block_device.3910332938.snapshot_id": "",
                            "ebs_block_device.3910332938.volume_id": "vol-05fd02a66e37229f1",
                            "ebs_block_device.3910332938.volume_size": "1",
                            "ebs_block_device.3910332938.volume_type": "standard",
                            "ebs_optimized": "false",
                            "ephemeral_block_device.#": "0",
                            "get_password_data": "false",
                            "iam_instance_profile": "",
                            "id": "i-00bc3f29825292c18",
                            "instance_state": "running",
                            "instance_type": "t2.micro",
                            "ipv6_addresses.#": "0",
                            "key_name": "terraform_key",
                            "monitoring": "false",
                            "network_interface.#": "0",
                            "network_interface_id": "eni-0c22aae5a4417706a",
                            "password_data": "",
                            "placement_group": "",
                            "primary_network_interface_id": "eni-0c22aae5a4417706a",
                            "private_dns": "ip-10-192-1-59.ec2.internal",
                            "private_ip": "10.192.1.59",
                            "public_dns": "",
                            "public_ip": "",
                            "root_block_device.#": "1",
                            "root_block_device.0.delete_on_termination": "true",
                            "root_block_device.0.iops": "0",
                            "root_block_device.0.volume_id": "vol-06e7f5f697f96ea8f",
                            "root_block_device.0.volume_size": "10",
                            "root_block_device.0.volume_type": "standard",
                            "security_groups.#": "0",
                            "source_dest_check": "true",
                            "subnet_id": "subnet-01fe9629eecd7ea2d",
                            "tags.%": "1",
                            "tags.Name": "twmprod-01",
                            "tenancy": "default",
                            "volume_tags.%": "0",
                            "vpc_security_group_ids.#": "1",
                            "vpc_security_group_ids.2162298322": "sg-062e43be0660aa07e"
                        },
                        "meta": {
                            "e2bfb730-ecaa-11e6-8f88-34363bc7c4c0": {
                                "create": 600000000000,
                                "delete": 1200000000000,
                                "update": 600000000000
                            },
                            "schema_version": "1"
                        },
                        "tainted": false
                    },
                    "deposed": [],
                    "provider": "provider.aws"
                },
                "aws_key_pair.terraform": {
                    "type": "aws_key_pair",
                    "depends_on": [],
                    "primary": {
                        "id": "terraform_key",
                        "attributes": {
                            "fingerprint": "b4:51:48:de:c1:a5:16:ea:ed:cc:a8:4e:38:79:3d:c5",
                            "id": "terraform_key",
                            "key_name": "terraform_key",
                            "public_key": "ssh-rsa AAAAB3NzaC1yc2EAAAADAQABAAABAQDOhtOv7VGlM86vzePzuW2JaQ3XRxr+KbpObYamBRgKkWiHuYE3tyEn55uvaXiZzNjGdgL6MnW6I8fhqskPuEnbb7SgZb2/GX4uAN99Thi2XfMnfS9rAcgkn8kDI+heZ5a5ecejLyglraVuck47s+7yVdJadmt4djeXZpLXeMgPUXVu+c4iUziqYDN0gCqd9EueAoSEQSNcvk5hiJk/Z6QhSN8gr+tMRJiqYPDO4nwBVItv22v1Jr3oVDyWbnLN1Q8C/SbKL04lJD48c0otDIh1tsn5fbcQRGdXBxsHvbavSVDkqb9jvIvLAOqpm3m+y9/gWVYOt+u6DD7V0cDERhIp"
                        },
                        "meta": {
                            "schema_version": "1"
                        },
                        "tainted": false
                    },
                    "deposed": [],
                    "provider": "provider.aws"
                },
                "aws_security_group.allow_ssh": {
                    "type": "aws_security_group",
                    "depends_on": [],
                    "primary": {
                        "id": "sg-01ce9b1afc30aac80",
                        "attributes": {
                            "arn": "arn:aws:ec2:us-east-1:731685434595:security-group/sg-01ce9b1afc30aac80",
                            "description": "Allow SSH traffic",
                            "egress.#": "1",
                            "egress.482069346.cidr_blocks.#": "1",
                            "egress.482069346.cidr_blocks.0": "0.0.0.0/0",
                            "egress.482069346.description": "",
                            "egress.482069346.from_port": "0",
                            "egress.482069346.ipv6_cidr_blocks.#": "0",
                            "egress.482069346.prefix_list_ids.#": "0",
                            "egress.482069346.protocol": "-1",
                            "egress.482069346.security_groups.#": "0",
                            "egress.482069346.self": "false",
                            "egress.482069346.to_port": "0",
                            "id": "sg-01ce9b1afc30aac80",
                            "ingress.#": "1",
                            "ingress.2541437006.cidr_blocks.#": "1",
                            "ingress.2541437006.cidr_blocks.0": "0.0.0.0/0",
                            "ingress.2541437006.description": "",
                            "ingress.2541437006.from_port": "22",
                            "ingress.2541437006.ipv6_cidr_blocks.#": "0",
                            "ingress.2541437006.prefix_list_ids.#": "0",
                            "ingress.2541437006.protocol": "tcp",
                            "ingress.2541437006.security_groups.#": "0",
                            "ingress.2541437006.self": "false",
                            "ingress.2541437006.to_port": "22",
                            "name": "allow_ssh",
                            "owner_id": "731685434595",
                            "revoke_rules_on_delete": "false",
                            "tags.%": "0",
                            "vpc_id": "vpc-4e0eab34"
                        },
                        "meta": {
                            "e2bfb730-ecaa-11e6-8f88-34363bc7c4c0": {
                                "create": 600000000000,
                                "delete": 600000000000
                            },
                            "schema_version": "1"
                        },
                        "tainted": false
                    },
                    "deposed": [],
                    "provider": "provider.aws"
                },
                "aws_security_group.allow_ssh_vpc_prd_a": {
                    "type": "aws_security_group",
                    "depends_on": [
                        "aws_vpc.vpc_prd_a"
                    ],
                    "primary": {
                        "id": "sg-062e43be0660aa07e",
                        "attributes": {
                            "arn": "arn:aws:ec2:us-east-1:731685434595:security-group/sg-062e43be0660aa07e",
                            "description": "Allow SSH traffic",
                            "egress.#": "1",
                            "egress.482069346.cidr_blocks.#": "1",
                            "egress.482069346.cidr_blocks.0": "0.0.0.0/0",
                            "egress.482069346.description": "",
                            "egress.482069346.from_port": "0",
                            "egress.482069346.ipv6_cidr_blocks.#": "0",
                            "egress.482069346.prefix_list_ids.#": "0",
                            "egress.482069346.protocol": "-1",
                            "egress.482069346.security_groups.#": "0",
                            "egress.482069346.self": "false",
                            "egress.482069346.to_port": "0",
                            "id": "sg-062e43be0660aa07e",
                            "ingress.#": "1",
                            "ingress.2541437006.cidr_blocks.#": "1",
                            "ingress.2541437006.cidr_blocks.0": "0.0.0.0/0",
                            "ingress.2541437006.description": "",
                            "ingress.2541437006.from_port": "22",
                            "ingress.2541437006.ipv6_cidr_blocks.#": "0",
                            "ingress.2541437006.prefix_list_ids.#": "0",
                            "ingress.2541437006.protocol": "tcp",
                            "ingress.2541437006.security_groups.#": "0",
                            "ingress.2541437006.self": "false",
                            "ingress.2541437006.to_port": "22",
                            "name": "allow_ssh_vpc_prd_a",
                            "owner_id": "731685434595",
                            "revoke_rules_on_delete": "false",
                            "tags.%": "0",
                            "vpc_id": "vpc-0f9845c775bf3f3a5"
                        },
                        "meta": {
                            "e2bfb730-ecaa-11e6-8f88-34363bc7c4c0": {
                                "create": 600000000000,
                                "delete": 600000000000
                            },
                            "schema_version": "1"
                        },
                        "tainted": false
                    },
                    "deposed": [],
                    "provider": "provider.aws"
                },
                "aws_security_group.allow_ssh_vpc_prd_b": {
                    "type": "aws_security_group",
                    "depends_on": [
                        "aws_vpc.vpc_prd_b"
                    ],
                    "primary": {
                        "id": "sg-0e89da0d301267e89",
                        "attributes": {
                            "arn": "arn:aws:ec2:us-east-1:731685434595:security-group/sg-0e89da0d301267e89",
                            "description": "Allow SSH traffic",
                            "egress.#": "1",
                            "egress.482069346.cidr_blocks.#": "1",
                            "egress.482069346.cidr_blocks.0": "0.0.0.0/0",
                            "egress.482069346.description": "",
                            "egress.482069346.from_port": "0",
                            "egress.482069346.ipv6_cidr_blocks.#": "0",
                            "egress.482069346.prefix_list_ids.#": "0",
                            "egress.482069346.protocol": "-1",
                            "egress.482069346.security_groups.#": "0",
                            "egress.482069346.self": "false",
                            "egress.482069346.to_port": "0",
                            "id": "sg-0e89da0d301267e89",
                            "ingress.#": "1",
                            "ingress.2541437006.cidr_blocks.#": "1",
                            "ingress.2541437006.cidr_blocks.0": "0.0.0.0/0",
                            "ingress.2541437006.description": "",
                            "ingress.2541437006.from_port": "22",
                            "ingress.2541437006.ipv6_cidr_blocks.#": "0",
                            "ingress.2541437006.prefix_list_ids.#": "0",
                            "ingress.2541437006.protocol": "tcp",
                            "ingress.2541437006.security_groups.#": "0",
                            "ingress.2541437006.self": "false",
                            "ingress.2541437006.to_port": "22",
                            "name": "allow_ssh_vpc_prd_b",
                            "owner_id": "731685434595",
                            "revoke_rules_on_delete": "false",
                            "tags.%": "0",
                            "vpc_id": "vpc-0b895b0a97e13019c"
                        },
                        "meta": {
                            "e2bfb730-ecaa-11e6-8f88-34363bc7c4c0": {
                                "create": 600000000000,
                                "delete": 600000000000
                            },
                            "schema_version": "1"
                        },
                        "tainted": false
                    },
                    "deposed": [],
                    "provider": "provider.aws"
                },
                "aws_subnet.prdnet1_a": {
                    "type": "aws_subnet",
                    "depends_on": [
                        "aws_vpc.vpc_prd_a",
                        "data.aws_availability_zones.available"
                    ],
                    "primary": {
                        "id": "subnet-01fe9629eecd7ea2d",
                        "attributes": {
                            "arn": "arn:aws:ec2:us-east-1:731685434595:subnet/subnet-01fe9629eecd7ea2d",
                            "assign_ipv6_address_on_creation": "false",
                            "availability_zone": "us-east-1a",
                            "cidr_block": "10.192.1.0/24",
                            "id": "subnet-01fe9629eecd7ea2d",
                            "ipv6_cidr_block": "",
                            "ipv6_cidr_block_association_id": "",
                            "map_public_ip_on_launch": "false",
                            "tags.%": "0",
                            "vpc_id": "vpc-0f9845c775bf3f3a5"
                        },
                        "meta": {
                            "e2bfb730-ecaa-11e6-8f88-34363bc7c4c0": {
                                "create": 600000000000,
                                "delete": 600000000000
                            },
                            "schema_version": "1"
                        },
                        "tainted": false
                    },
                    "deposed": [],
                    "provider": "provider.aws"
                },
                "aws_subnet.prdnet1_b": {
                    "type": "aws_subnet",
                    "depends_on": [
                        "aws_vpc.vpc_prd_b",
                        "data.aws_availability_zones.available"
                    ],
                    "primary": {
                        "id": "subnet-0cde31cd3c1ae9d9c",
                        "attributes": {
                            "arn": "arn:aws:ec2:us-east-1:731685434595:subnet/subnet-0cde31cd3c1ae9d9c",
                            "assign_ipv6_address_on_creation": "false",
                            "availability_zone": "us-east-1a",
                            "cidr_block": "10.193.1.0/24",
                            "id": "subnet-0cde31cd3c1ae9d9c",
                            "ipv6_cidr_block": "",
                            "ipv6_cidr_block_association_id": "",
                            "map_public_ip_on_launch": "false",
                            "tags.%": "0",
                            "vpc_id": "vpc-0b895b0a97e13019c"
                        },
                        "meta": {
                            "e2bfb730-ecaa-11e6-8f88-34363bc7c4c0": {
                                "create": 600000000000,
                                "delete": 600000000000
                            },
                            "schema_version": "1"
                        },
                        "tainted": false
                    },
                    "deposed": [],
                    "provider": "provider.aws"
                },
                "aws_subnet.prdnet2_a": {
                    "type": "aws_subnet",
                    "depends_on": [
                        "aws_vpc.vpc_prd_a",
                        "data.aws_availability_zones.available"
                    ],
                    "primary": {
                        "id": "subnet-0c73cb35da14c596c",
                        "attributes": {
                            "arn": "arn:aws:ec2:us-east-1:731685434595:subnet/subnet-0c73cb35da14c596c",
                            "assign_ipv6_address_on_creation": "false",
                            "availability_zone": "us-east-1b",
                            "cidr_block": "10.192.2.0/24",
                            "id": "subnet-0c73cb35da14c596c",
                            "ipv6_cidr_block": "",
                            "ipv6_cidr_block_association_id": "",
                            "map_public_ip_on_launch": "false",
                            "tags.%": "0",
                            "vpc_id": "vpc-0f9845c775bf3f3a5"
                        },
                        "meta": {
                            "e2bfb730-ecaa-11e6-8f88-34363bc7c4c0": {
                                "create": 600000000000,
                                "delete": 600000000000
                            },
                            "schema_version": "1"
                        },
                        "tainted": false
                    },
                    "deposed": [],
                    "provider": "provider.aws"
                },
                "aws_subnet.prdnet2_b": {
                    "type": "aws_subnet",
                    "depends_on": [
                        "aws_vpc.vpc_prd_b",
                        "data.aws_availability_zones.available"
                    ],
                    "primary": {
                        "id": "subnet-0b92a0c51eda0ce8b",
                        "attributes": {
                            "arn": "arn:aws:ec2:us-east-1:731685434595:subnet/subnet-0b92a0c51eda0ce8b",
                            "assign_ipv6_address_on_creation": "false",
                            "availability_zone": "us-east-1b",
                            "cidr_block": "10.193.2.0/24",
                            "id": "subnet-0b92a0c51eda0ce8b",
                            "ipv6_cidr_block": "",
                            "ipv6_cidr_block_association_id": "",
                            "map_public_ip_on_launch": "false",
                            "tags.%": "0",
                            "vpc_id": "vpc-0b895b0a97e13019c"
                        },
                        "meta": {
                            "e2bfb730-ecaa-11e6-8f88-34363bc7c4c0": {
                                "create": 600000000000,
                                "delete": 600000000000
                            },
                            "schema_version": "1"
                        },
                        "tainted": false
                    },
                    "deposed": [],
                    "provider": "provider.aws"
                },
                "aws_vpc.vpc_prd_a": {
                    "type": "aws_vpc",
                    "depends_on": [],
                    "primary": {
                        "id": "vpc-0f9845c775bf3f3a5",
                        "attributes": {
                            "arn": "arn:aws:ec2:us-east-1:731685434595:vpc/vpc-0f9845c775bf3f3a5",
                            "assign_generated_ipv6_cidr_block": "false",
                            "cidr_block": "10.192.0.0/16",
                            "default_network_acl_id": "acl-0bfd7a29ade568335",
                            "default_route_table_id": "rtb-0a87dc7b49348d422",
                            "default_security_group_id": "sg-043eba2d3f1c17b2a",
                            "dhcp_options_id": "dopt-dacd8ba1",
                            "enable_classiclink": "false",
                            "enable_classiclink_dns_support": "false",
                            "enable_dns_hostnames": "false",
                            "enable_dns_support": "true",
                            "id": "vpc-0f9845c775bf3f3a5",
                            "instance_tenancy": "default",
                            "ipv6_association_id": "",
                            "ipv6_cidr_block": "",
                            "main_route_table_id": "rtb-0a87dc7b49348d422",
                            "tags.%": "0"
                        },
                        "meta": {
                            "schema_version": "1"
                        },
                        "tainted": false
                    },
                    "deposed": [],
                    "provider": "provider.aws"
                },
                "aws_vpc.vpc_prd_b": {
                    "type": "aws_vpc",
                    "depends_on": [],
                    "primary": {
                        "id": "vpc-0b895b0a97e13019c",
                        "attributes": {
                            "arn": "arn:aws:ec2:us-east-1:731685434595:vpc/vpc-0b895b0a97e13019c",
                            "assign_generated_ipv6_cidr_block": "false",
                            "cidr_block": "10.193.0.0/16",
                            "default_network_acl_id": "acl-0becc53a0c6c07013",
                            "default_route_table_id": "rtb-0db35e3ab7585a51f",
                            "default_security_group_id": "sg-00981b81609c67984",
                            "dhcp_options_id": "dopt-dacd8ba1",
                            "enable_classiclink": "false",
                            "enable_classiclink_dns_support": "false",
                            "enable_dns_hostnames": "false",
                            "enable_dns_support": "true",
                            "id": "vpc-0b895b0a97e13019c",
                            "instance_tenancy": "default",
                            "ipv6_association_id": "",
                            "ipv6_cidr_block": "",
                            "main_route_table_id": "rtb-0db35e3ab7585a51f",
                            "tags.%": "0"
                        },
                        "meta": {
                            "schema_version": "1"
                        },
                        "tainted": false
                    },
                    "deposed": [],
                    "provider": "provider.aws"
                },
                "data.aws_availability_zones.available": {
                    "type": "aws_availability_zones",
                    "depends_on": [],
                    "primary": {
                        "id": "2019-01-06 22:24:11.084314987 +0000 UTC",
                        "attributes": {
                            "id": "2019-01-06 22:24:11.084314987 +0000 UTC",
                            "names.#": "6",
                            "names.0": "us-east-1a",
                            "names.1": "us-east-1b",
                            "names.2": "us-east-1c",
                            "names.3": "us-east-1d",
                            "names.4": "us-east-1e",
                            "names.5": "us-east-1f"
                        },
                        "meta": {},
                        "tainted": false
                    },
                    "deposed": [],
                    "provider": "provider.aws"
                },
                "data.template_file.example": {
                    "type": "template_file",
                    "depends_on": [],
                    "primary": {
                        "id": "a0006b2f1c6eae13e4dd32024cc24a735131534fbe5a0de0063f4224750700ec",
                        "attributes": {
                            "id": "a0006b2f1c6eae13e4dd32024cc24a735131534fbe5a0de0063f4224750700ec",
                            "rendered": "goodnight moon!",
                            "template": "${hello} ${world}!",
                            "vars.%": "2",
                            "vars.hello": "goodnight",
                            "vars.world": "moon"
                        },
                        "meta": {},
                        "tainted": false
                    },
                    "deposed": [],
                    "provider": "provider.template"
                }
            },
            "depends_on": []
        }
    ]
}
