{
    "version": 3,
    "terraform_version": "0.11.10",
    "serial": 39,
    "lineage": "865a710b-13c4-fe95-3638-4d3d42aaf056",
    "modules": [
        {
            "path": [
                "root"
            ],
            "outputs": {},
            "resources": {
                "aws_key_pair.terraform": {
                    "type": "aws_key_pair",
                    "depends_on": [],
                    "primary": {
                        "id": "terraform_key",
                        "attributes": {
                            "fingerprint": "b4:51:48:de:c1:a5:16:ea:ed:cc:a8:4e:38:79:3d:c5",
                            "id": "terraform_key",
                            "key_name": "terraform_key",
                            "public_key": "ssh-rsa AAAAB3NzaC1yc2EAAAADAQABAAABAQDOhtOv7VGlM86vzePzuW2JaQ3XRxr+KbpObYamBRgKkWiHuYE3tyEn55uvaXiZzNjGdgL6MnW6I8fhqskPuEnbb7SgZb2/GX4uAN99Thi2XfMnfS9rAcgkn8kDI+heZ5a5ecejLyglraVuck47s+7yVdJadmt4djeXZpLXeMgPUXVu+c4iUziqYDN0gCqd9EueAoSEQSNcvk5hiJk/Z6QhSN8gr+tMRJiqYPDO4nwBVItv22v1Jr3oVDyWbnLN1Q8C/SbKL04lJD48c0otDIh1tsn5fbcQRGdXBxsHvbavSVDkqb9jvIvLAOqpm3m+y9/gWVYOt+u6DD7V0cDERhIp"
                        },
                        "meta": {
                            "schema_version": "1"
                        },
                        "tainted": false
                    },
                    "deposed": [],
                    "provider": "provider.aws"
                },
                "aws_security_group.allow_ssh": {
                    "type": "aws_security_group",
                    "depends_on": [],
                    "primary": {
                        "id": "sg-05394b8e80d3ee904",
                        "attributes": {
                            "arn": "arn:aws:ec2:us-east-1:731685434595:security-group/sg-05394b8e80d3ee904",
                            "description": "Allow SSH traffic",
                            "egress.#": "1",
                            "egress.482069346.cidr_blocks.#": "1",
                            "egress.482069346.cidr_blocks.0": "0.0.0.0/0",
                            "egress.482069346.description": "",
                            "egress.482069346.from_port": "0",
                            "egress.482069346.ipv6_cidr_blocks.#": "0",
                            "egress.482069346.prefix_list_ids.#": "0",
                            "egress.482069346.protocol": "-1",
                            "egress.482069346.security_groups.#": "0",
                            "egress.482069346.self": "false",
                            "egress.482069346.to_port": "0",
                            "id": "sg-05394b8e80d3ee904",
                            "ingress.#": "1",
                            "ingress.2541437006.cidr_blocks.#": "1",
                            "ingress.2541437006.cidr_blocks.0": "0.0.0.0/0",
                            "ingress.2541437006.description": "",
                            "ingress.2541437006.from_port": "22",
                            "ingress.2541437006.ipv6_cidr_blocks.#": "0",
                            "ingress.2541437006.prefix_list_ids.#": "0",
                            "ingress.2541437006.protocol": "tcp",
                            "ingress.2541437006.security_groups.#": "0",
                            "ingress.2541437006.self": "false",
                            "ingress.2541437006.to_port": "22",
                            "name": "allow_ssh",
                            "owner_id": "731685434595",
                            "revoke_rules_on_delete": "false",
                            "tags.%": "0",
                            "vpc_id": "vpc-4e0eab34"
                        },
                        "meta": {
                            "e2bfb730-ecaa-11e6-8f88-34363bc7c4c0": {
                                "create": 600000000000,
                                "delete": 600000000000
                            },
                            "schema_version": "1"
                        },
                        "tainted": false
                    },
                    "deposed": [],
                    "provider": "provider.aws"
                },
                "aws_subnet.prdnet1_a": {
                    "type": "aws_subnet",
                    "depends_on": [
                        "aws_vpc.vpc_prd_a",
                        "data.aws_availability_zones.available"
                    ],
                    "primary": {
                        "id": "subnet-01c41adcbedb8de88",
                        "attributes": {
                            "arn": "arn:aws:ec2:us-east-1:731685434595:subnet/subnet-01c41adcbedb8de88",
                            "assign_ipv6_address_on_creation": "false",
                            "availability_zone": "us-east-1a",
                            "cidr_block": "10.192.1.0/24",
                            "id": "subnet-01c41adcbedb8de88",
                            "ipv6_cidr_block": "",
                            "ipv6_cidr_block_association_id": "",
                            "map_public_ip_on_launch": "false",
                            "tags.%": "0",
                            "vpc_id": "vpc-0a280fc666fe62d72"
                        },
                        "meta": {
                            "e2bfb730-ecaa-11e6-8f88-34363bc7c4c0": {
                                "create": 600000000000,
                                "delete": 600000000000
                            },
                            "schema_version": "1"
                        },
                        "tainted": false
                    },
                    "deposed": [],
                    "provider": "provider.aws"
                },
                "aws_subnet.prdnet2_a": {
                    "type": "aws_subnet",
                    "depends_on": [
                        "aws_vpc.vpc_prd_a",
                        "data.aws_availability_zones.available"
                    ],
                    "primary": {
                        "id": "subnet-06271e71d254955b0",
                        "attributes": {
                            "arn": "arn:aws:ec2:us-east-1:731685434595:subnet/subnet-06271e71d254955b0",
                            "assign_ipv6_address_on_creation": "false",
                            "availability_zone": "us-east-1b",
                            "cidr_block": "10.192.2.0/24",
                            "id": "subnet-06271e71d254955b0",
                            "ipv6_cidr_block": "",
                            "ipv6_cidr_block_association_id": "",
                            "map_public_ip_on_launch": "false",
                            "tags.%": "0",
                            "vpc_id": "vpc-0a280fc666fe62d72"
                        },
                        "meta": {
                            "e2bfb730-ecaa-11e6-8f88-34363bc7c4c0": {
                                "create": 600000000000,
                                "delete": 600000000000
                            },
                            "schema_version": "1"
                        },
                        "tainted": false
                    },
                    "deposed": [],
                    "provider": "provider.aws"
                },
                "aws_vpc.vpc_prd_a": {
                    "type": "aws_vpc",
                    "depends_on": [],
                    "primary": {
                        "id": "vpc-0a280fc666fe62d72",
                        "attributes": {
                            "arn": "arn:aws:ec2:us-east-1:731685434595:vpc/vpc-0a280fc666fe62d72",
                            "assign_generated_ipv6_cidr_block": "false",
                            "cidr_block": "10.192.0.0/16",
                            "default_network_acl_id": "acl-0d33f9ba2bcef880c",
                            "default_route_table_id": "rtb-09c23ee8d407b9de0",
                            "default_security_group_id": "sg-0fb9c6ede4eb4b755",
                            "dhcp_options_id": "dopt-dacd8ba1",
                            "enable_classiclink": "false",
                            "enable_classiclink_dns_support": "false",
                            "enable_dns_hostnames": "false",
                            "enable_dns_support": "true",
                            "id": "vpc-0a280fc666fe62d72",
                            "instance_tenancy": "default",
                            "ipv6_association_id": "",
                            "ipv6_cidr_block": "",
                            "main_route_table_id": "rtb-09c23ee8d407b9de0",
                            "tags.%": "0"
                        },
                        "meta": {
                            "schema_version": "1"
                        },
                        "tainted": false
                    },
                    "deposed": [],
                    "provider": "provider.aws"
                },
                "aws_vpc.vpc_prd_b": {
                    "type": "aws_vpc",
                    "depends_on": [],
                    "primary": {
                        "id": "vpc-029879be9c0f37750",
                        "attributes": {
                            "arn": "arn:aws:ec2:us-east-1:731685434595:vpc/vpc-029879be9c0f37750",
                            "assign_generated_ipv6_cidr_block": "false",
                            "cidr_block": "10.193.0.0/16",
                            "default_network_acl_id": "acl-048432b3da3b02b42",
                            "default_route_table_id": "rtb-04624b79834c11d3a",
                            "default_security_group_id": "sg-02bce386d0bb87fe2",
                            "dhcp_options_id": "dopt-dacd8ba1",
                            "enable_classiclink": "false",
                            "enable_classiclink_dns_support": "false",
                            "enable_dns_hostnames": "false",
                            "enable_dns_support": "true",
                            "id": "vpc-029879be9c0f37750",
                            "instance_tenancy": "default",
                            "ipv6_association_id": "",
                            "ipv6_cidr_block": "",
                            "main_route_table_id": "rtb-04624b79834c11d3a",
                            "tags.%": "0"
                        },
                        "meta": {
                            "schema_version": "1"
                        },
                        "tainted": false
                    },
                    "deposed": [],
                    "provider": "provider.aws"
                },
                "data.aws_availability_zones.available": {
                    "type": "aws_availability_zones",
                    "depends_on": [],
                    "primary": {
                        "id": "2018-12-17 05:41:15.815830605 +0000 UTC",
                        "attributes": {
                            "id": "2018-12-17 05:41:15.815830605 +0000 UTC",
                            "names.#": "6",
                            "names.0": "us-east-1a",
                            "names.1": "us-east-1b",
                            "names.2": "us-east-1c",
                            "names.3": "us-east-1d",
                            "names.4": "us-east-1e",
                            "names.5": "us-east-1f"
                        },
                        "meta": {},
                        "tainted": false
                    },
                    "deposed": [],
                    "provider": "provider.aws"
                }
            },
            "depends_on": []
        }
    ]
}
