{
    "version": 3,
    "terraform_version": "0.11.10",
    "serial": 19,
    "lineage": "865a710b-13c4-fe95-3638-4d3d42aaf056",
    "modules": [
        {
            "path": [
                "root"
            ],
            "outputs": {},
            "resources": {
                "aws_ebs_volume.web_vol1": {
                    "type": "aws_ebs_volume",
                    "depends_on": [],
                    "primary": {
                        "id": "vol-0e61695b5b01165eb",
                        "attributes": {
                            "arn": "arn:aws:ec2:us-west-1:731685434595:volume/vol-0e61695b5b01165eb",
                            "availability_zone": "us-west-1a",
                            "encrypted": "false",
                            "id": "vol-0e61695b5b01165eb",
                            "size": "1",
                            "snapshot_id": "",
                            "tags.%": "1",
                            "tags.Name": "web_vol1",
                            "type": "standard"
                        },
                        "meta": {},
                        "tainted": false
                    },
                    "deposed": [],
                    "provider": "provider.aws"
                },
                "aws_instance.web": {
                    "type": "aws_instance",
                    "depends_on": [],
                    "primary": {
                        "id": "i-05255d46232d73ac1",
                        "attributes": {
                            "ami": "ami-063aa838bd7631e0b",
                            "arn": "arn:aws:ec2:us-west-1:731685434595:instance/i-05255d46232d73ac1",
                            "associate_public_ip_address": "true",
                            "availability_zone": "us-west-1a",
                            "cpu_core_count": "1",
                            "cpu_threads_per_core": "1",
                            "credit_specification.#": "1",
                            "credit_specification.0.cpu_credits": "standard",
                            "disable_api_termination": "false",
                            "ebs_block_device.#": "1",
                            "ebs_block_device.3910332938.delete_on_termination": "true",
                            "ebs_block_device.3910332938.device_name": "/dev/xvdc",
                            "ebs_block_device.3910332938.encrypted": "false",
                            "ebs_block_device.3910332938.iops": "0",
                            "ebs_block_device.3910332938.snapshot_id": "",
                            "ebs_block_device.3910332938.volume_id": "vol-0d9b0064a663ab5ca",
                            "ebs_block_device.3910332938.volume_size": "1",
                            "ebs_block_device.3910332938.volume_type": "standard",
                            "ebs_optimized": "false",
                            "ephemeral_block_device.#": "0",
                            "get_password_data": "false",
                            "iam_instance_profile": "",
                            "id": "i-05255d46232d73ac1",
                            "instance_state": "running",
                            "instance_type": "t2.micro",
                            "ipv6_addresses.#": "0",
                            "key_name": "terraform_key",
                            "monitoring": "false",
                            "network_interface.#": "0",
                            "network_interface_id": "eni-0730b6a6d5d15fd47",
                            "password_data": "",
                            "placement_group": "",
                            "primary_network_interface_id": "eni-0730b6a6d5d15fd47",
                            "private_dns": "ip-172-31-7-186.us-west-1.compute.internal",
                            "private_ip": "172.31.7.186",
                            "public_dns": "ec2-54-153-115-36.us-west-1.compute.amazonaws.com",
                            "public_ip": "54.153.115.36",
                            "root_block_device.#": "1",
                            "root_block_device.0.delete_on_termination": "true",
                            "root_block_device.0.iops": "0",
                            "root_block_device.0.volume_id": "vol-0df575a2522822506",
                            "root_block_device.0.volume_size": "8",
                            "root_block_device.0.volume_type": "standard",
                            "security_groups.#": "1",
                            "security_groups.1454479838": "allow_ssh",
                            "source_dest_check": "true",
                            "subnet_id": "subnet-c81c3493",
                            "tags.%": "1",
                            "tags.Name": "web",
                            "tenancy": "default",
                            "volume_tags.%": "0",
                            "vpc_security_group_ids.#": "1",
                            "vpc_security_group_ids.3936293630": "sg-058b29ee825d7afd2"
                        },
                        "meta": {
                            "e2bfb730-ecaa-11e6-8f88-34363bc7c4c0": {
                                "create": 600000000000,
                                "delete": 1200000000000,
                                "update": 600000000000
                            },
                            "schema_version": "1"
                        },
                        "tainted": false
                    },
                    "deposed": [],
                    "provider": "provider.aws"
                },
                "aws_key_pair.terraform": {
                    "type": "aws_key_pair",
                    "depends_on": [],
                    "primary": {
                        "id": "terraform_key",
                        "attributes": {
                            "fingerprint": "71:6a:bb:79:5e:d2:ec:7c:93:9e:d0:e4:00:b2:82:70",
                            "id": "terraform_key",
                            "key_name": "terraform_key",
                            "public_key": "ssh-rsa AAAAB3NzaC1yc2EAAAABIwAAAQEAsqGEs3sYjBOHHz+SKb4GOTltfPOy1bNOdfs+3KeVb9gTkOEXqEdxC2Q5QMaM1m9D5tF3526tusxUQAn6gpW6R5s67CWJtKLbUjIx4bduVMO8izU6f6aXsNjS29RtvKzRbeUpfXX5Q3xOTmpH+KUf6tEEA99+JWqDrVKmibEbgXxiEEDT4Y+HRVTD9pd/8mFWQChF6Zl3dqZm7/cVS6O/n9AklZyPcQEd+xjN7aIEVhNiwG0gC0J4B+pmBS0Zebld96TA65TmjLRwIMRtEI4Pz6/Ooc0o0Fh/UeMcBXdm0idlgmMpxD9cSIglBsBM4mMVjTH9rUp9I5UOkK7uJQOHyw== vnaray001c@res3parsr-ch2-01.sys.comcast.net"
                        },
                        "meta": {
                            "schema_version": "1"
                        },
                        "tainted": false
                    },
                    "deposed": [],
                    "provider": "provider.aws"
                },
                "aws_security_group.allow_ssh": {
                    "type": "aws_security_group",
                    "depends_on": [],
                    "primary": {
                        "id": "sg-058b29ee825d7afd2",
                        "attributes": {
                            "arn": "arn:aws:ec2:us-west-1:731685434595:security-group/sg-058b29ee825d7afd2",
                            "description": "Allow SSH traffic",
                            "egress.#": "1",
                            "egress.482069346.cidr_blocks.#": "1",
                            "egress.482069346.cidr_blocks.0": "0.0.0.0/0",
                            "egress.482069346.description": "",
                            "egress.482069346.from_port": "0",
                            "egress.482069346.ipv6_cidr_blocks.#": "0",
                            "egress.482069346.prefix_list_ids.#": "0",
                            "egress.482069346.protocol": "-1",
                            "egress.482069346.security_groups.#": "0",
                            "egress.482069346.self": "false",
                            "egress.482069346.to_port": "0",
                            "id": "sg-058b29ee825d7afd2",
                            "ingress.#": "1",
                            "ingress.2541437006.cidr_blocks.#": "1",
                            "ingress.2541437006.cidr_blocks.0": "0.0.0.0/0",
                            "ingress.2541437006.description": "",
                            "ingress.2541437006.from_port": "22",
                            "ingress.2541437006.ipv6_cidr_blocks.#": "0",
                            "ingress.2541437006.prefix_list_ids.#": "0",
                            "ingress.2541437006.protocol": "tcp",
                            "ingress.2541437006.security_groups.#": "0",
                            "ingress.2541437006.self": "false",
                            "ingress.2541437006.to_port": "22",
                            "name": "allow_ssh",
                            "owner_id": "731685434595",
                            "revoke_rules_on_delete": "false",
                            "tags.%": "0",
                            "vpc_id": "vpc-3adcf15d"
                        },
                        "meta": {
                            "e2bfb730-ecaa-11e6-8f88-34363bc7c4c0": {
                                "create": 600000000000,
                                "delete": 600000000000
                            },
                            "schema_version": "1"
                        },
                        "tainted": false
                    },
                    "deposed": [],
                    "provider": "provider.aws"
                }
            },
            "depends_on": []
        }
    ]
}
